// !$*UTF8*$!
{
	archiveVersion = 1;
	classes = {
	};
	objectVersion = 77;
	objects = {

/* Begin PBXContainerItemProxy section */
		FB0CD1B82D8B62A200C2B76F /* PBXContainerItemProxy */ = {
			isa = PBXContainerItemProxy;
			containerPortal = FB0CD19F2D8B62A100C2B76F /* Project object */;
			proxyType = 1;
			remoteGlobalIDString = FB0CD1A62D8B62A100C2B76F;
			remoteInfo = AR2025;
		};
		FB0CD1C22D8B62A200C2B76F /* PBXContainerItemProxy */ = {
			isa = PBXContainerItemProxy;
			containerPortal = FB0CD19F2D8B62A100C2B76F /* Project object */;
			proxyType = 1;
			remoteGlobalIDString = FB0CD1A62D8B62A100C2B76F;
			remoteInfo = AR2025;
		};
/* End PBXContainerItemProxy section */

/* Begin PBXFileReference section */
		FB0CD1A72D8B62A100C2B76F /* AR2025.app */ = {isa = PBXFileReference; explicitFileType = wrapper.application; includeInIndex = 0; path = AR2025.app; sourceTree = BUILT_PRODUCTS_DIR; };
		FB0CD1B72D8B62A200C2B76F /* AR2025Tests.xctest */ = {isa = PBXFileReference; explicitFileType = wrapper.cfbundle; includeInIndex = 0; path = AR2025Tests.xctest; sourceTree = BUILT_PRODUCTS_DIR; };
		FB0CD1C12D8B62A200C2B76F /* AR2025UITests.xctest */ = {isa = PBXFileReference; explicitFileType = wrapper.cfbundle; includeInIndex = 0; path = AR2025UITests.xctest; sourceTree = BUILT_PRODUCTS_DIR; };
/* End PBXFileReference section */

/* Begin PBXFileSystemSynchronizedBuildFileExceptionSet section */
		FBC526E42D8B689F0000862E /* Exceptions for "AR2025" folder in "AR2025" target */ = {
			isa = PBXFileSystemSynchronizedBuildFileExceptionSet;
			membershipExceptions = (
				Info.plist,
			);
			target = FB0CD1A62D8B62A100C2B76F /* AR2025 */;
		};
/* End PBXFileSystemSynchronizedBuildFileExceptionSet section */

/* Begin PBXFileSystemSynchronizedRootGroup section */
		FB0CD1A92D8B62A100C2B76F /* AR2025 */ = {
			isa = PBXFileSystemSynchronizedRootGroup;
			exceptions = (
				FBC526E42D8B689F0000862E /* Exceptions for "AR2025" folder in "AR2025" target */,
			);
			path = AR2025;
			sourceTree = "<group>";
		};
		FB0CD1BA2D8B62A200C2B76F /* AR2025Tests */ = {
			isa = PBXFileSystemSynchronizedRootGroup;
			path = AR2025Tests;
			sourceTree = "<group>";
		};
		FB0CD1C42D8B62A200C2B76F /* AR2025UITests */ = {
			isa = PBXFileSystemSynchronizedRootGroup;
			path = AR2025UITests;
			sourceTree = "<group>";
		};
/* End PBXFileSystemSynchronizedRootGroup section */

/* Begin PBXFrameworksBuildPhase section */
		FB0CD1A42D8B62A100C2B76F /* Frameworks */ = {
			isa = PBXFrameworksBuildPhase;
			buildActionMask = 2147483647;
			files = (
			);
			runOnlyForDeploymentPostprocessing = 0;
		};
		FB0CD1B42D8B62A200C2B76F /* Frameworks */ = {
			isa = PBXFrameworksBuildPhase;
			buildActionMask = 2147483647;
			files = (
			);
			runOnlyForDeploymentPostprocessing = 0;
		};
		FB0CD1BE2D8B62A200C2B76F /* Frameworks */ = {
			isa = PBXFrameworksBuildPhase;
			buildActionMask = 2147483647;
			files = (
			);
			runOnlyForDeploymentPostprocessing = 0;
		};
/* End PBXFrameworksBuildPhase section */

/* Begin PBXGroup section */
		FB0CD19E2D8B62A100C2B76F = {
			isa = PBXGroup;
			children = (
				FB0CD1A92D8B62A100C2B76F /* AR2025 */,
				FB0CD1BA2D8B62A200C2B76F /* AR2025Tests */,
				FB0CD1C42D8B62A200C2B76F /* AR2025UITests */,
				FB0CD1A82D8B62A100C2B76F /* Products */,
			);
			sourceTree = "<group>";
		};
		FB0CD1A82D8B62A100C2B76F /* Products */ = {
			isa = PBXGroup;
			children = (
				FB0CD1A72D8B62A100C2B76F /* AR2025.app */,
				FB0CD1B72D8B62A200C2B76F /* AR2025Tests.xctest */,
				FB0CD1C12D8B62A200C2B76F /* AR2025UITests.xctest */,
			);
			name = Products;
			sourceTree = "<group>";
		};
/* End PBXGroup section */

/* Begin PBXNativeTarget section */
		FB0CD1A62D8B62A100C2B76F /* AR2025 */ = {
			isa = PBXNativeTarget;
			buildConfigurationList = FB0CD1CB2D8B62A200C2B76F /* Build configuration list for PBXNativeTarget "AR2025" */;
			buildPhases = (
				FB0CD1A32D8B62A100C2B76F /* Sources */,
				FB0CD1A42D8B62A100C2B76F /* Frameworks */,
				FB0CD1A52D8B62A100C2B76F /* Resources */,
			);
			buildRules = (
			);
			dependencies = (
			);
			fileSystemSynchronizedGroups = (
				FB0CD1A92D8B62A100C2B76F /* AR2025 */,
			);
			name = AR2025;
			packageProductDependencies = (
			);
			productName = AR2025;
			productReference = FB0CD1A72D8B62A100C2B76F /* AR2025.app */;
			productType = "com.apple.product-type.application";
		};
		FB0CD1B62D8B62A200C2B76F /* AR2025Tests */ = {
			isa = PBXNativeTarget;
			buildConfigurationList = FB0CD1CE2D8B62A200C2B76F /* Build configuration list for PBXNativeTarget "AR2025Tests" */;
			buildPhases = (
				FB0CD1B32D8B62A200C2B76F /* Sources */,
				FB0CD1B42D8B62A200C2B76F /* Frameworks */,
				FB0CD1B52D8B62A200C2B76F /* Resources */,
			);
			buildRules = (
			);
			dependencies = (
				FB0CD1B92D8B62A200C2B76F /* PBXTargetDependency */,
			);
			fileSystemSynchronizedGroups = (
				FB0CD1BA2D8B62A200C2B76F /* AR2025Tests */,
			);
			name = AR2025Tests;
			packageProductDependencies = (
			);
			productName = AR2025Tests;
			productReference = FB0CD1B72D8B62A200C2B76F /* AR2025Tests.xctest */;
			productType = "com.apple.product-type.bundle.unit-test";
		};
		FB0CD1C02D8B62A200C2B76F /* AR2025UITests */ = {
			isa = PBXNativeTarget;
			buildConfigurationList = FB0CD1D12D8B62A200C2B76F /* Build configuration list for PBXNativeTarget "AR2025UITests" */;
			buildPhases = (
				FB0CD1BD2D8B62A200C2B76F /* Sources */,
				FB0CD1BE2D8B62A200C2B76F /* Frameworks */,
				FB0CD1BF2D8B62A200C2B76F /* Resources */,
			);
			buildRules = (
			);
			dependencies = (
				FB0CD1C32D8B62A200C2B76F /* PBXTargetDependency */,
			);
			fileSystemSynchronizedGroups = (
				FB0CD1C42D8B62A200C2B76F /* AR2025UITests */,
			);
			name = AR2025UITests;
			packageProductDependencies = (
			);
			productName = AR2025UITests;
			productReference = FB0CD1C12D8B62A200C2B76F /* AR2025UITests.xctest */;
			productType = "com.apple.product-type.bundle.ui-testing";
		};
/* End PBXNativeTarget section */

/* Begin PBXProject section */
		FB0CD19F2D8B62A100C2B76F /* Project object */ = {
			isa = PBXProject;
			attributes = {
				BuildIndependentTargetsInParallel = 1;
				LastSwiftUpdateCheck = 1620;
				LastUpgradeCheck = 1620;
				TargetAttributes = {
					FB0CD1A62D8B62A100C2B76F = {
						CreatedOnToolsVersion = 16.2;
					};
					FB0CD1B62D8B62A200C2B76F = {
						CreatedOnToolsVersion = 16.2;
						TestTargetID = FB0CD1A62D8B62A100C2B76F;
					};
					FB0CD1C02D8B62A200C2B76F = {
						CreatedOnToolsVersion = 16.2;
						TestTargetID = FB0CD1A62D8B62A100C2B76F;
					};
				};
			};
			buildConfigurationList = FB0CD1A22D8B62A100C2B76F /* Build configuration list for PBXProject "AR2025" */;
			developmentRegion = en;
			hasScannedForEncodings = 0;
			knownRegions = (
				en,
				Base,
			);
			mainGroup = FB0CD19E2D8B62A100C2B76F;
			minimizedProjectReferenceProxies = 1;
			preferredProjectObjectVersion = 77;
			productRefGroup = FB0CD1A82D8B62A100C2B76F /* Products */;
			projectDirPath = "";
			projectRoot = "";
			targets = (
				FB0CD1A62D8B62A100C2B76F /* AR2025 */,
				FB0CD1B62D8B62A200C2B76F /* AR2025Tests */,
				FB0CD1C02D8B62A200C2B76F /* AR2025UITests */,
			);
		};
/* End PBXProject section */

/* Begin PBXResourcesBuildPhase section */
		FB0CD1A52D8B62A100C2B76F /* Resources */ = {
			isa = PBXResourcesBuildPhase;
			buildActionMask = 2147483647;
			files = (
			);
			runOnlyForDeploymentPostprocessing = 0;
		};
		FB0CD1B52D8B62A200C2B76F /* Resources */ = {
			isa = PBXResourcesBuildPhase;
			buildActionMask = 2147483647;
			files = (
			);
			runOnlyForDeploymentPostprocessing = 0;
		};
		FB0CD1BF2D8B62A200C2B76F /* Resources */ = {
			isa = PBXResourcesBuildPhase;
			buildActionMask = 2147483647;
			files = (
			);
			runOnlyForDeploymentPostprocessing = 0;
		};
/* End PBXResourcesBuildPhase section */

/* Begin PBXSourcesBuildPhase section */
		FB0CD1A32D8B62A100C2B76F /* Sources */ = {
			isa = PBXSourcesBuildPhase;
			buildActionMask = 2147483647;
			files = (
			);
			runOnlyForDeploymentPostprocessing = 0;
		};
		FB0CD1B32D8B62A200C2B76F /* Sources */ = {
			isa = PBXSourcesBuildPhase;
			buildActionMask = 2147483647;
			files = (
			);
			runOnlyForDeploymentPostprocessing = 0;
		};
		FB0CD1BD2D8B62A200C2B76F /* Sources */ = {
			isa = PBXSourcesBuildPhase;
			buildActionMask = 2147483647;
			files = (
			);
			runOnlyForDeploymentPostprocessing = 0;
		};
/* End PBXSourcesBuildPhase section */

/* Begin PBXTargetDependency section */
		FB0CD1B92D8B62A200C2B76F /* PBXTargetDependency */ = {
			isa = PBXTargetDependency;
			target = FB0CD1A62D8B62A100C2B76F /* AR2025 */;
			targetProxy = FB0CD1B82D8B62A200C2B76F /* PBXContainerItemProxy */;
		};
		FB0CD1C32D8B62A200C2B76F /* PBXTargetDependency */ = {
			isa = PBXTargetDependency;
			target = FB0CD1A62D8B62A100C2B76F /* AR2025 */;
			targetProxy = FB0CD1C22D8B62A200C2B76F /* PBXContainerItemProxy */;
		};
/* End PBXTargetDependency section */

/* Begin XCBuildConfiguration section */
		FB0CD1C92D8B62A200C2B76F /* Debug */ = {
			isa = XCBuildConfiguration;
			buildSettings = {
				ALWAYS_SEARCH_USER_PATHS = NO;
				ASSETCATALOG_COMPILER_GENERATE_SWIFT_ASSET_SYMBOL_EXTENSIONS = YES;
				CLANG_ANALYZER_NONNULL = YES;
				CLANG_ANALYZER_NUMBER_OBJECT_CONVERSION = YES_AGGRESSIVE;
				CLANG_CXX_LANGUAGE_STANDARD = "gnu++20";
				CLANG_ENABLE_MODULES = YES;
				CLANG_ENABLE_OBJC_ARC = YES;
				CLANG_ENABLE_OBJC_WEAK = YES;
				CLANG_WARN_BLOCK_CAPTURE_AUTORELEASING = YES;
				CLANG_WARN_BOOL_CONVERSION = YES;
				CLANG_WARN_COMMA = YES;
				CLANG_WARN_CONSTANT_CONVERSION = YES;
				CLANG_WARN_DEPRECATED_OBJC_IMPLEMENTATIONS = YES;
				CLANG_WARN_DIRECT_OBJC_ISA_USAGE = YES_ERROR;
				CLANG_WARN_DOCUMENTATION_COMMENTS = YES;
				CLANG_WARN_EMPTY_BODY = YES;
				CLANG_WARN_ENUM_CONVERSION = YES;
				CLANG_WARN_INFINITE_RECURSION = YES;
				CLANG_WARN_INT_CONVERSION = YES;
				CLANG_WARN_NON_LITERAL_NULL_CONVERSION = YES;
				CLANG_WARN_OBJC_IMPLICIT_RETAIN_SELF = YES;
				CLANG_WARN_OBJC_LITERAL_CONVERSION = YES;
				CLANG_WARN_OBJC_ROOT_CLASS = YES_ERROR;
				CLANG_WARN_QUOTED_INCLUDE_IN_FRAMEWORK_HEADER = YES;
				CLANG_WARN_RANGE_LOOP_ANALYSIS = YES;
				CLANG_WARN_STRICT_PROTOTYPES = YES;
				CLANG_WARN_SUSPICIOUS_MOVE = YES;
				CLANG_WARN_UNGUARDED_AVAILABILITY = YES_AGGRESSIVE;
				CLANG_WARN_UNREACHABLE_CODE = YES;
				CLANG_WARN__DUPLICATE_METHOD_MATCH = YES;
				COPY_PHASE_STRIP = NO;
				DEBUG_INFORMATION_FORMAT = dwarf;
				ENABLE_STRICT_OBJC_MSGSEND = YES;
				ENABLE_TESTABILITY = YES;
				ENABLE_USER_SCRIPT_SANDBOXING = YES;
				GCC_C_LANGUAGE_STANDARD = gnu17;
				GCC_DYNAMIC_NO_PIC = NO;
				GCC_NO_COMMON_BLOCKS = YES;
				GCC_OPTIMIZATION_LEVEL = 0;
				GCC_PREPROCESSOR_DEFINITIONS = (
					"DEBUG=1",
					"$(inherited)",
				);
				GCC_WARN_64_TO_32_BIT_CONVERSION = YES;
				GCC_WARN_ABOUT_RETURN_TYPE = YES_ERROR;
				GCC_WARN_UNDECLARED_SELECTOR = YES;
				GCC_WARN_UNINITIALIZED_AUTOS = YES_AGGRESSIVE;
				GCC_WARN_UNUSED_FUNCTION = YES;
				GCC_WARN_UNUSED_VARIABLE = YES;
				IPHONEOS_DEPLOYMENT_TARGET = 18.2;
				LOCALIZATION_PREFERS_STRING_CATALOGS = YES;
				MTL_ENABLE_DEBUG_INFO = INCLUDE_SOURCE;
				MTL_FAST_MATH = YES;
				ONLY_ACTIVE_ARCH = YES;
				SDKROOT = iphoneos;
				SWIFT_ACTIVE_COMPILATION_CONDITIONS = "DEBUG $(inherited)";
				SWIFT_OPTIMIZATION_LEVEL = "-Onone";
			};
			name = Debug;
		};
		FB0CD1CA2D8B62A200C2B76F /* Release */ = {
			isa = XCBuildConfiguration;
			buildSettings = {
				ALWAYS_SEARCH_USER_PATHS = NO;
				ASSETCATALOG_COMPILER_GENERATE_SWIFT_ASSET_SYMBOL_EXTENSIONS = YES;
				CLANG_ANALYZER_NONNULL = YES;
				CLANG_ANALYZER_NUMBER_OBJECT_CONVERSION = YES_AGGRESSIVE;
				CLANG_CXX_LANGUAGE_STANDARD = "gnu++20";
				CLANG_ENABLE_MODULES = YES;
				CLANG_ENABLE_OBJC_ARC = YES;
				CLANG_ENABLE_OBJC_WEAK = YES;
				CLANG_WARN_BLOCK_CAPTURE_AUTORELEASING = YES;
				CLANG_WARN_BOOL_CONVERSION = YES;
				CLANG_WARN_COMMA = YES;
				CLANG_WARN_CONSTANT_CONVERSION = YES;
				CLANG_WARN_DEPRECATED_OBJC_IMPLEMENTATIONS = YES;
				CLANG_WARN_DIRECT_OBJC_ISA_USAGE = YES_ERROR;
				CLANG_WARN_DOCUMENTATION_COMMENTS = YES;
				CLANG_WARN_EMPTY_BODY = YES;
				CLANG_WARN_ENUM_CONVERSION = YES;
				CLANG_WARN_INFINITE_RECURSION = YES;
				CLANG_WARN_INT_CONVERSION = YES;
				CLANG_WARN_NON_LITERAL_NULL_CONVERSION = YES;
				CLANG_WARN_OBJC_IMPLICIT_RETAIN_SELF = YES;
				CLANG_WARN_OBJC_LITERAL_CONVERSION = YES;
				CLANG_WARN_OBJC_ROOT_CLASS = YES_ERROR;
				CLANG_WARN_QUOTED_INCLUDE_IN_FRAMEWORK_HEADER = YES;
				CLANG_WARN_RANGE_LOOP_ANALYSIS = YES;
				CLANG_WARN_STRICT_PROTOTYPES = YES;
				CLANG_WARN_SUSPICIOUS_MOVE = YES;
				CLANG_WARN_UNGUARDED_AVAILABILITY = YES_AGGRESSIVE;
				CLANG_WARN_UNREACHABLE_CODE = YES;
				CLANG_WARN__DUPLICATE_METHOD_MATCH = YES;
				COPY_PHASE_STRIP = NO;
				DEBUG_INFORMATION_FORMAT = "dwarf-with-dsym";
				ENABLE_NS_ASSERTIONS = NO;
				ENABLE_STRICT_OBJC_MSGSEND = YES;
				ENABLE_USER_SCRIPT_SANDBOXING = YES;
				GCC_C_LANGUAGE_STANDARD = gnu17;
				GCC_NO_COMMON_BLOCKS = YES;
				GCC_WARN_64_TO_32_BIT_CONVERSION = YES;
				GCC_WARN_ABOUT_RETURN_TYPE = YES_ERROR;
				GCC_WARN_UNDECLARED_SELECTOR = YES;
				GCC_WARN_UNINITIALIZED_AUTOS = YES_AGGRESSIVE;
				GCC_WARN_UNUSED_FUNCTION = YES;
				GCC_WARN_UNUSED_VARIABLE = YES;
				IPHONEOS_DEPLOYMENT_TARGET = 18.2;
				LOCALIZATION_PREFERS_STRING_CATALOGS = YES;
				MTL_ENABLE_DEBUG_INFO = NO;
				MTL_FAST_MATH = YES;
				SDKROOT = iphoneos;
				SWIFT_COMPILATION_MODE = wholemodule;
				VALIDATE_PRODUCT = YES;
			};
			name = Release;
		};
		FB0CD1CC2D8B62A200C2B76F /* Debug */ = {
			isa = XCBuildConfiguration;
			buildSettings = {
				ASSETCATALOG_COMPILER_APPICON_NAME = AppIcon;
				ASSETCATALOG_COMPILER_GLOBAL_ACCENT_COLOR_NAME = AccentColor;
				CODE_SIGN_STYLE = Automatic;
				CURRENT_PROJECT_VERSION = 1;
				DEVELOPMENT_ASSET_PATHS = "\"AR2025/Preview Content\"";
				DEVELOPMENT_TEAM = KD9H4U4568;
				ENABLE_PREVIEWS = YES;
				GENERATE_INFOPLIST_FILE = YES;
				INFOPLIST_KEY_NSCameraUsageDescription = "";
				INFOPLIST_KEY_UIApplicationSupportsIndirectInputEvents = YES;
				INFOPLIST_KEY_UILaunchScreen_Generation = YES;
				INFOPLIST_KEY_UIRequiredDeviceCapabilities = arkit;
				INFOPLIST_KEY_UIStatusBarHidden = YES;
				INFOPLIST_KEY_UISupportedInterfaceOrientations_iPad = "UIInterfaceOrientationPortrait UIInterfaceOrientationPortraitUpsideDown UIInterfaceOrientationLandscapeLeft UIInterfaceOrientationLandscapeRight";
				INFOPLIST_KEY_UISupportedInterfaceOrientations_iPhone = "UIInterfaceOrientationPortrait UIInterfaceOrientationLandscapeLeft UIInterfaceOrientationLandscapeRight";
				LD_RUNPATH_SEARCH_PATHS = (
					"$(inherited)",
					"@executable_path/Frameworks",
				);
				MARKETING_VERSION = 1.0;
				PRODUCT_BUNDLE_IDENTIFIER = LOL.AR2025;
				PRODUCT_NAME = "$(TARGET_NAME)";
				SWIFT_EMIT_LOC_STRINGS = YES;
				SWIFT_VERSION = 5.0;
				TARGETED_DEVICE_FAMILY = "1,2";
			};
			name = Debug;
		};
		FB0CD1CD2D8B62A200C2B76F /* Release */ = {
			isa = XCBuildConfiguration;
			buildSettings = {
				ASSETCATALOG_COMPILER_APPICON_NAME = AppIcon;
				ASSETCATALOG_COMPILER_GLOBAL_ACCENT_COLOR_NAME = AccentColor;
				CODE_SIGN_STYLE = Automatic;
				CURRENT_PROJECT_VERSION = 1;
				DEVELOPMENT_ASSET_PATHS = "\"AR2025/Preview Content\"";
				DEVELOPMENT_TEAM = KD9H4U4568;
				ENABLE_PREVIEWS = YES;
				GENERATE_INFOPLIST_FILE = YES;
				INFOPLIST_KEY_NSCameraUsageDescription = "";
				INFOPLIST_KEY_UIApplicationSupportsIndirectInputEvents = YES;
				INFOPLIST_KEY_UILaunchScreen_Generation = YES;
				INFOPLIST_KEY_UIRequiredDeviceCapabilities = arkit;
				INFOPLIST_KEY_UIStatusBarHidden = YES;
				INFOPLIST_KEY_UISupportedInterfaceOrientations_iPad = "UIInterfaceOrientationPortrait UIInterfaceOrientationPortraitUpsideDown UIInterfaceOrientationLandscapeLeft UIInterfaceOrientationLandscapeRight";
				INFOPLIST_KEY_UISupportedInterfaceOrientations_iPhone = "UIInterfaceOrientationPortrait UIInterfaceOrientationLandscapeLeft UIInterfaceOrientationLandscapeRight";
				LD_RUNPATH_SEARCH_PATHS = (
					"$(inherited)",
					"@executable_path/Frameworks",
				);
				MARKETING_VERSION = 1.0;
				PRODUCT_BUNDLE_IDENTIFIER = LOL.AR2025;
				PRODUCT_NAME = "$(TARGET_NAME)";
				SWIFT_EMIT_LOC_STRINGS = YES;
				SWIFT_VERSION = 5.0;
				TARGETED_DEVICE_FAMILY = "1,2";
			};
			name = Release;
		};
		FB0CD1CF2D8B62A200C2B76F /* Debug */ = {
			isa = XCBuildConfiguration;
			buildSettings = {
				BUNDLE_LOADER = "$(TEST_HOST)";
				CODE_SIGN_STYLE = Automatic;
				CURRENT_PROJECT_VERSION = 1;
				DEVELOPMENT_TEAM = KD9H4U4568;
				GENERATE_INFOPLIST_FILE = YES;
				IPHONEOS_DEPLOYMENT_TARGET = 18.2;
				MARKETING_VERSION = 1.0;
				PRODUCT_BUNDLE_IDENTIFIER = LOL.AR2025Tests;
				PRODUCT_NAME = "$(TARGET_NAME)";
				SWIFT_EMIT_LOC_STRINGS = NO;
				SWIFT_VERSION = 5.0;
				TARGETED_DEVICE_FAMILY = "1,2";
				TEST_HOST = "$(BUILT_PRODUCTS_DIR)/AR2025.app/$(BUNDLE_EXECUTABLE_FOLDER_PATH)/AR2025";
			};
			name = Debug;
		};
		FB0CD1D02D8B62A200C2B76F /* Release */ = {
			isa = XCBuildConfiguration;
			buildSettings = {
				BUNDLE_LOADER = "$(TEST_HOST)";
				CODE_SIGN_STYLE = Automatic;
				CURRENT_PROJECT_VERSION = 1;
				DEVELOPMENT_TEAM = KD9H4U4568;
				GENERATE_INFOPLIST_FILE = YES;
				IPHONEOS_DEPLOYMENT_TARGET = 18.2;
				MARKETING_VERSION = 1.0;
				PRODUCT_BUNDLE_IDENTIFIER = LOL.AR2025Tests;
				PRODUCT_NAME = "$(TARGET_NAME)";
				SWIFT_EMIT_LOC_STRINGS = NO;
				SWIFT_VERSION = 5.0;
				TARGETED_DEVICE_FAMILY = "1,2";
				TEST_HOST = "$(BUILT_PRODUCTS_DIR)/AR2025.app/$(BUNDLE_EXECUTABLE_FOLDER_PATH)/AR2025";
			};
			name = Release;
		};
		FB0CD1D22D8B62A200C2B76F /* Debug */ = {
			isa = XCBuildConfiguration;
			buildSettings = {
				CODE_SIGN_STYLE = Automatic;
				CURRENT_PROJECT_VERSION = 1;
				DEVELOPMENT_TEAM = KD9H4U4568;
				GENERATE_INFOPLIST_FILE = YES;
				MARKETING_VERSION = 1.0;
				PRODUCT_BUNDLE_IDENTIFIER = LOL.AR2025UITests;
				PRODUCT_NAME = "$(TARGET_NAME)";
				SWIFT_EMIT_LOC_STRINGS = NO;
				SWIFT_VERSION = 5.0;
				TARGETED_DEVICE_FAMILY = "1,2";
				TEST_TARGET_NAME = AR2025;
			};
			name = Debug;
		};
		FB0CD1D32D8B62A200C2B76F /* Release */ = {
			isa = XCBuildConfiguration;
			buildSettings = {
				CODE_SIGN_STYLE = Automatic;
				CURRENT_PROJECT_VERSION = 1;
				DEVELOPMENT_TEAM = KD9H4U4568;
				GENERATE_INFOPLIST_FILE = YES;
				MARKETING_VERSION = 1.0;
				PRODUCT_BUNDLE_IDENTIFIER = LOL.AR2025UITests;
				PRODUCT_NAME = "$(TARGET_NAME)";
				SWIFT_EMIT_LOC_STRINGS = NO;
				SWIFT_VERSION = 5.0;
				TARGETED_DEVICE_FAMILY = "1,2";
				TEST_TARGET_NAME = AR2025;
			};
			name = Release;
		};
/* End XCBuildConfiguration section */

/* Begin XCConfigurationList section */
		FB0CD1A22D8B62A100C2B76F /* Build configuration list for PBXProject "AR2025" */ = {
			isa = XCConfigurationList;
			buildConfigurations = (
				FB0CD1C92D8B62A200C2B76F /* Debug */,
				FB0CD1CA2D8B62A200C2B76F /* Release */,
			);
			defaultConfigurationIsVisible = 0;
			defaultConfigurationName = Release;
		};
		FB0CD1CB2D8B62A200C2B76F /* Build configuration list for PBXNativeTarget "AR2025" */ = {
			isa = XCConfigurationList;
			buildConfigurations = (
				FB0CD1CC2D8B62A200C2B76F /* Debug */,
				FB0CD1CD2D8B62A200C2B76F /* Release */,
			);
			defaultConfigurationIsVisible = 0;
			defaultConfigurationName = Release;
		};
		FB0CD1CE2D8B62A200C2B76F /* Build configuration list for PBXNativeTarget "AR2025Tests" */ = {
			isa = XCConfigurationList;
			buildConfigurations = (
				FB0CD1CF2D8B62A200C2B76F /* Debug */,
				FB0CD1D02D8B62A200C2B76F /* Release */,
			);
			defaultConfigurationIsVisible = 0;
			defaultConfigurationName = Release;
		};
		FB0CD1D12D8B62A200C2B76F /* Build configuration list for PBXNativeTarget "AR2025UITests" */ = {
			isa = XCConfigurationList;
			buildConfigurations = (
				FB0CD1D22D8B62A200C2B76F /* Debug */,
				FB0CD1D32D8B62A200C2B76F /* Release */,
			);
			defaultConfigurationIsVisible = 0;
			defaultConfigurationName = Release;
		};
/* End XCConfigurationList section */
	};
	rootObject = FB0CD19F2D8B62A100C2B76F /* Project object */;
}
